
Microsoft Visual Studio Solution File, Format Version 12.00
# Visual Studio 15
VisualStudioVersion = 15.0.28010.2041
MinimumVisualStudioVersion = 10.0.40219.1
Project("{FAE04EC0-301F-11D3-BF4B-00C04F79EFBC}") = "MajiroStringEditor", "MajiroStringEditor\MajiroStringEditor.csproj", "{F487BDC9-EC36-473C-9C09-F75183D05633}"
EndProject
Project("{FAE04EC0-301F-11D3-BF4B-00C04F79EFBC}") = "MSEGui", "MSEGui\MSEGui.csproj", "{BD7DC5C8-938F-46C0-AC71-AEB221DC9949}"
EndProject
Global
	GlobalSection(SolutionConfigurationPlatforms) = preSolution
		Debug|Any CPU = Debug|Any CPU
		Release|Any CPU = Release|Any CPU
	EndGlobalSection
	GlobalSection(ProjectConfigurationPlatforms) = postSolution
		{F487BDC9-EC36-473C-9C09-F75183D05633}.Debug|Any CPU.ActiveCfg = Debug|Any CPU
		{F487BDC9-EC36-473C-9C09-F75183D05633}.Debug|Any CPU.Build.0 = Debug|Any CPU
		{F487BDC9-EC36-473C-9C09-F75183D05633}.Release|Any CPU.ActiveCfg = Release|Any CPU
		{F487BDC9-EC36-473C-9C09-F75183D05633}.Release|Any CPU.Build.0 = Release|Any CPU
		{BD7DC5C8-938F-46C0-AC71-AEB221DC9949}.Debug|Any CPU.ActiveCfg = Debug|Any CPU
		{BD7DC5C8-938F-46C0-AC71-AEB221DC9949}.Debug|Any CPU.Build.0 = Debug|Any CPU
		{BD7DC5C8-938F-46C0-AC71-AEB221DC9949}.Release|Any CPU.ActiveCfg = Release|Any CPU
		{BD7DC5C8-938F-46C0-AC71-AEB221DC9949}.Release|Any CPU.Build.0 = Release|Any CPU
	EndGlobalSection
	GlobalSection(SolutionProperties) = preSolution
		HideSolutionNode = FALSE
	EndGlobalSection
	GlobalSection(ExtensibilityGlobals) = postSolution
		SolutionGuid = {7B9AB560-AB70-4C35-A9BE-73A563210B82}
	EndGlobalSection
EndGlobal
